<?xml version="1.0" encoding="utf-8"?>
<Project ToolsVersion="4.0" xmlns="http://schemas.microsoft.com/developer/msbuild/2003">
  <ItemGroup>
    <Filter Include="Source Files">
      <UniqueIdentifier>{4FC737F1-C7A5-4376-A066-2A32D752A2FF}</UniqueIdentifier>
      <Extensions>cpp;c;cc;cxx;c++;cppm;ixx;def;odl;idl;hpj;bat;asm;asmx</Extensions>
    </Filter>
    <Filter Include="Header Files">
      <UniqueIdentifier>{93995380-89BD-4b04-88EB-625FBE52EBFB}</UniqueIdentifier>
      <Extensions>h;hh;hpp;hxx;h++;hm;inl;inc;ipp;xsd</Extensions>
    </Filter>
    <Filter Include="Source Files\Core">
      <UniqueIdentifier>{a523e9fe-880a-40cb-b6ee-c3d2089ee256}</UniqueIdentifier>
    </Filter>
    <Filter Include="Assets">
      <UniqueIdentifier>{67DA6AB6-F800-4c08-8B7A-83BB121AAD01}</UniqueIdentifier>
      <Extensions>rc;ico;cur;bmp;dlg;rc2;rct;bin;rgs;gif;jpg;jpeg;jpe;resx;tiff;tif;png;wav;mfcribbon-ms</Extensions>
    </Filter>
    <Filter Include="Source Files\Resources">
      <UniqueIdentifier>{d83b8189-2f11-408d-bb74-594cfedfb308}</UniqueIdentifier>
    </Filter>
    <Filter Include="Source Files\Objects">
      <UniqueIdentifier>{2d284597-16fc-49f3-9202-08f30d264fa3}</UniqueIdentifier>
    </Filter>
    <Filter Include="Source Files\Tools">
      <UniqueIdentifier>{1578d045-9079-49bc-9f28-90ed97a45f16}</UniqueIdentifier>
    </Filter>
    <Filter Include="Source Files\Advanced">
      <UniqueIdentifier>{bcb02f63-6803-413d-8802-b321950d90fe}</UniqueIdentifier>
    </Filter>
    <Filter Include="Source Files\Ui">
      <UniqueIdentifier>{8057d0e6-99af-460f-b44e-8bbffa983add}</UniqueIdentifier>
    </Filter>
    <Filter Include="Assets\Models">
      <UniqueIdentifier>{8b524578-cb77-418f-8d10-d76665983c6d}</UniqueIdentifier>
    </Filter>
    <Filter Include="Assets\Textures">
      <UniqueIdentifier>{4e50c7b4-8bb2-40b7-a82d-221eee356c49}</UniqueIdentifier>
    </Filter>
    <Filter Include="Assets\Shaders">
      <UniqueIdentifier>{46a9f7ca-7cd8-4f5d-a13b-e281893a7150}</UniqueIdentifier>
    </Filter>
  </ItemGroup>
  <ItemGroup>
    <ClCompile Include="src\tools\Utils.cpp">
      <Filter>Source Files</Filter>
    </ClCompile>
    <ClCompile Include="src\tools\ImportedModel.cpp">
      <Filter>Source Files</Filter>
    </ClCompile>
    <ClCompile Include="main.cpp">
      <Filter>Source Files</Filter>
    </ClCompile>
    <ClCompile Include="src\core\Application.cpp">
      <Filter>Source Files\Core</Filter>
    </ClCompile>
    <ClCompile Include="src\core\Renderer.cpp">
      <Filter>Source Files</Filter>
    </ClCompile>
    <ClCompile Include="src\core\Scene.cpp">
      <Filter>Source Files</Filter>
    </ClCompile>
    <ClCompile Include="src\base\VertexBuffer.cpp">
      <Filter>Source Files</Filter>
    </ClCompile>
    <ClCompile Include="src\base\VertexArrayObject.cpp">
      <Filter>Source Files</Filter>
    </ClCompile>
    <ClCompile Include="src\base\ShaderProgram.cpp">
      <Filter>Source Files</Filter>
    </ClCompile>
    <ClCompile Include="src\objects\SceneNode.cpp">
      <Filter>Source Files</Filter>
    </ClCompile>
    <ClCompile Include="src\base\Mesh.cpp">
      <Filter>Source Files</Filter>
    </ClCompile>
    <ClCompile Include="src\component\Model.cpp">
      <Filter>Source Files</Filter>
    </ClCompile>
    <ClCompile Include="src\objects\Camera.cpp">
      <Filter>Source Files</Filter>
    </ClCompile>
    <ClCompile Include="src\component\Material.cpp">
      <Filter>Source Files</Filter>
    </ClCompile>
    <ClCompile Include="src\tools\GeometryGenerator.cpp">
      <Filter>Source Files</Filter>
    </ClCompile>
    <ClCompile Include="src\base\VertexBufferElement.cpp">
      <Filter>Source Files</Filter>
    </ClCompile>
    <ClCompile Include="src\objects\BaseNode.cpp">
      <Filter>Source Files</Filter>
    </ClCompile>
    <ClCompile Include="src\component\Sprite2D.cpp">
      <Filter>Source Files</Filter>
    </ClCompile>
    <ClCompile Include="src\base\ElementBuffer.cpp">
      <Filter>Source Files</Filter>
    </ClCompile>
    <ClCompile Include="src\base\Texture.cpp">
      <Filter>Source Files</Filter>
    </ClCompile>
    <ClCompile Include="src\ui\ImGuiUI.cpp">
      <Filter>Source Files</Filter>
    </ClCompile>
    <ClCompile Include="include\imgui\imgui.cpp">
      <Filter>Source Files</Filter>
    </ClCompile>
    <ClCompile Include="include\imgui\imgui_impl_glfw.cpp">
      <Filter>Source Files</Filter>
    </ClCompile>
    <ClCompile Include="include\imgui\imgui_impl_opengl3.cpp">
      <Filter>Source Files</Filter>
    </ClCompile>
    <ClCompile Include="include\imgui\imgui_tables.cpp">
      <Filter>Source Files</Filter>
    </ClCompile>
    <ClCompile Include="include\imgui\imgui_widgets.cpp">
      <Filter>Source Files</Filter>
    </ClCompile>
    <ClCompile Include="include\imgui\imgui_demo.cpp">
      <Filter>Source Files</Filter>
    </ClCompile>
    <ClCompile Include="include\imgui\imgui_draw.cpp">
      <Filter>Source Files</Filter>
    </ClCompile>
    <ClCompile Include="src\ui\NodeTreeManager.cpp">
      <Filter>Source Files</Filter>
    </ClCompile>
    <ClCompile Include="src\objects\GlobalAmbient.cpp">
      <Filter>Source Files</Filter>
    </ClCompile>
    <ClCompile Include="src\objects\DirLight.cpp">
      <Filter>Source Files</Filter>
    </ClCompile>
    <ClCompile Include="src\base\LightModelStruct.h">
      <Filter>Source Files</Filter>
    </ClCompile>
  </ItemGroup>
  <ItemGroup>
    <ClInclude Include="src\tools\Utils.h">
      <Filter>Header Files</Filter>
    </ClInclude>
    <ClInclude Include="src\tools\ImportedModel.h">
      <Filter>Header Files</Filter>
    </ClInclude>
    <ClInclude Include="src\core\Application.h">
      <Filter>Header Files</Filter>
    </ClInclude>
    <ClInclude Include="src\core\Renderer.h">
      <Filter>Header Files</Filter>
    </ClInclude>
    <ClInclude Include="src\core\Scene.h">
      <Filter>Header Files</Filter>
    </ClInclude>
    <ClInclude Include="src\base\VertexBuffer.h">
      <Filter>Header Files</Filter>
    </ClInclude>
    <ClInclude Include="src\base\VertexArrayObject.h">
      <Filter>Header Files</Filter>
    </ClInclude>
    <ClInclude Include="src\base\ShaderProgram.h">
      <Filter>Header Files</Filter>
    </ClInclude>
    <ClInclude Include="src\component\Model.h">
      <Filter>Header Files</Filter>
    </ClInclude>
    <ClInclude Include="src\base\Mesh.h">
      <Filter>Header Files</Filter>
    </ClInclude>
    <ClInclude Include="src\objects\SceneNode.h">
      <Filter>Header Files</Filter>
    </ClInclude>
    <ClInclude Include="src\objects\Camera.h">
      <Filter>Header Files</Filter>
    </ClInclude>
    <ClInclude Include="src\component\Material.h">
      <Filter>Header Files</Filter>
    </ClInclude>
    <ClInclude Include="src\base\VertexBufferElement.h">
      <Filter>Header Files</Filter>
    </ClInclude>
    <ClInclude Include="src\tools\GeometryGenerator.h">
      <Filter>Header Files</Filter>
    </ClInclude>
    <ClInclude Include="src\base\baseAll.h">
      <Filter>Header Files</Filter>
    </ClInclude>
    <ClInclude Include="include\GL\eglew.h">
      <Filter>Header Files</Filter>
    </ClInclude>
    <ClInclude Include="include\GL\glew.h">
      <Filter>Header Files</Filter>
    </ClInclude>
    <ClInclude Include="include\GL\glxew.h">
      <Filter>Header Files</Filter>
    </ClInclude>
    <ClInclude Include="include\GL\wglew.h">
      <Filter>Header Files</Filter>
    </ClInclude>
    <ClInclude Include="include\GLFW\glfw3.h">
      <Filter>Header Files</Filter>
    </ClInclude>
    <ClInclude Include="include\GLFW\glfw3native.h">
      <Filter>Header Files</Filter>
    </ClInclude>
    <ClInclude Include="src\objects\BaseNode.h">
      <Filter>Header Files</Filter>
    </ClInclude>
    <ClInclude Include="src\component\Sprite2D.h">
      <Filter>Header Files</Filter>
    </ClInclude>
    <ClInclude Include="src\base\ElementBuffer.h">
      <Filter>Header Files</Filter>
    </ClInclude>
    <ClInclude Include="src\base\Texture.h">
      <Filter>Header Files</Filter>
    </ClInclude>
    <ClInclude Include="src\ui\ImGuiUI.h">
      <Filter>Header Files</Filter>
    </ClInclude>
    <ClInclude Include="include\imgui\imgui.h">
      <Filter>Header Files</Filter>
    </ClInclude>
    <ClInclude Include="include\imgui\imgui_impl_glfw.h">
      <Filter>Header Files</Filter>
    </ClInclude>
    <ClInclude Include="include\imgui\imgui_impl_opengl3.h">
      <Filter>Header Files</Filter>
    </ClInclude>
    <ClInclude Include="include\imgui\imgui_internal.h">
      <Filter>Header Files</Filter>
    </ClInclude>
    <ClInclude Include="include\imgui\imstb_rectpack.h">
      <Filter>Header Files</Filter>
    </ClInclude>
    <ClInclude Include="include\imgui\imstb_textedit.h">
      <Filter>Header Files</Filter>
    </ClInclude>
    <ClInclude Include="include\imgui\imstb_truetype.h">
      <Filter>Header Files</Filter>
    </ClInclude>
    <ClInclude Include="include\imgui\imconfig.h">
      <Filter>Header Files</Filter>
    </ClInclude>
    <ClInclude Include="include\imgui\imgui_impl_opengl3_loader.h">
      <Filter>Header Files</Filter>
    </ClInclude>
    <ClInclude Include="src\ui\NodeTreeManager.h">
      <Filter>Header Files</Filter>
    </ClInclude>
    <ClInclude Include="src\objects\GlobalAmbient.h">
      <Filter>Header Files</Filter>
    </ClInclude>
    <ClInclude Include="src\objects\DirLight.h">
      <Filter>Header Files</Filter>
    </ClInclude>
  </ItemGroup>
  <ItemGroup>
    <None Include="glew32.dll" />
    <None Include="assets\shaders\1fragShader.glsl" />
    <None Include="assets\shaders\1vertShader.glsl" />
    <None Include="assets\shaders\TexFShader.glsl" />
    <None Include="assets\shaders\TexVShader.glsl" />
    <None Include="assets\shaders\BlinnPhongShaders\fragShader.glsl" />
    <None Include="assets\shaders\BlinnPhongShaders\vertShader.glsl" />
    <None Include="assets\shaders\GouraudShaders\fragShader.glsl" />
    <None Include="assets\shaders\GouraudShaders\vertShader.glsl" />
    <None Include="assets\shaders\PhongShaders\fragShader.glsl" />
    <None Include="assets\shaders\PhongShaders\vertShader.glsl" />
  </ItemGroup>
  <ItemGroup>
    <Library Include="lib\glew32.lib" />
    <Library Include="lib\glfw3.lib" />
    <Library Include="lib\soil2-debug.lib" />
  </ItemGroup>
  <ItemGroup>
    <Font Include="assets\font\FiraCode-VariableFont_wght.ttf" />
  </ItemGroup>
</Project>